
Microsoft Visual Studio Solution File, Format Version 12.00
# Visual Studio 2013
VisualStudioVersion = 12.0.30723.0
MinimumVisualStudioVersion = 10.0.40219.1
Project("{FAE04EC0-301F-11D3-BF4B-00C04F79EFBC}") = "StudentSystem.Model", "StudentSystem.Model\StudentSystem.Model.csproj", "{AE8EA9E5-107E-4161-BCEC-327D31AC9994}"
EndProject
Project("{FAE04EC0-301F-11D3-BF4B-00C04F79EFBC}") = "StudentSystem.Data", "StudentSystem.Data\StudentSystem.Data.csproj", "{08134B31-AD20-4068-B941-29FB4D8D08B7}"
EndProject
Project("{FAE04EC0-301F-11D3-BF4B-00C04F79EFBC}") = "StudentSystem.ConsoleClient", "StudentSystem.ConsoleClient\StudentSystem.ConsoleClient.csproj", "{98813E24-883E-420D-A3FB-FE3000193568}"
EndProject
Global
	GlobalSection(SolutionConfigurationPlatforms) = preSolution
		Debug|Any CPU = Debug|Any CPU
		Release|Any CPU = Release|Any CPU
	EndGlobalSection
	GlobalSection(ProjectConfigurationPlatforms) = postSolution
		{AE8EA9E5-107E-4161-BCEC-327D31AC9994}.Debug|Any CPU.ActiveCfg = Debug|Any CPU
		{AE8EA9E5-107E-4161-BCEC-327D31AC9994}.Debug|Any CPU.Build.0 = Debug|Any CPU
		{AE8EA9E5-107E-4161-BCEC-327D31AC9994}.Release|Any CPU.ActiveCfg = Release|Any CPU
		{AE8EA9E5-107E-4161-BCEC-327D31AC9994}.Release|Any CPU.Build.0 = Release|Any CPU
		{08134B31-AD20-4068-B941-29FB4D8D08B7}.Debug|Any CPU.ActiveCfg = Debug|Any CPU
		{08134B31-AD20-4068-B941-29FB4D8D08B7}.Debug|Any CPU.Build.0 = Debug|Any CPU
		{08134B31-AD20-4068-B941-29FB4D8D08B7}.Release|Any CPU.ActiveCfg = Release|Any CPU
		{08134B31-AD20-4068-B941-29FB4D8D08B7}.Release|Any CPU.Build.0 = Release|Any CPU
		{98813E24-883E-420D-A3FB-FE3000193568}.Debug|Any CPU.ActiveCfg = Debug|Any CPU
		{98813E24-883E-420D-A3FB-FE3000193568}.Debug|Any CPU.Build.0 = Debug|Any CPU
		{98813E24-883E-420D-A3FB-FE3000193568}.Release|Any CPU.ActiveCfg = Release|Any CPU
		{98813E24-883E-420D-A3FB-FE3000193568}.Release|Any CPU.Build.0 = Release|Any CPU
	EndGlobalSection
	GlobalSection(SolutionProperties) = preSolution
		HideSolutionNode = FALSE
	EndGlobalSection
EndGlobal
